# Generated by buf. DO NOT EDIT.
version: v1
deps:
  - remote: buf.build
    owner: streamingfast
    repository: metering
    commit: a7118e9e9c9b4c9f906cfd3bcd37dbc1
    digest: shake256:9087ea7a608b3962b7f6cd22a73c03f5eaa803083e9b5be2e4bb4bfc54dbac43817ff43ce4bb8604f699ef3dbc1e55264be7588d30a971ffd113302e37a529a1
